// !$*UTF8*$!
{
	archiveVersion = 1;
	classes = {
	};
	objectVersion = 55;
	objects = {

/* Begin PBXBuildFile section */
		AC0DA93328E79CBC002A1E15 /* SwitchButton.swift in Sources */ = {isa = PBXBuildFile; fileRef = AC0DA93228E79CBC002A1E15 /* SwitchButton.swift */; };
		AC33A88828E4EEAD00AC2E3A /* InfoJobView.swift in Sources */ = {isa = PBXBuildFile; fileRef = AC33A88728E4EEAD00AC2E3A /* InfoJobView.swift */; };
		AC33A88B28E4EEF300AC2E3A /* InfoJobViewController.swift in Sources */ = {isa = PBXBuildFile; fileRef = AC33A88A28E4EEF300AC2E3A /* InfoJobViewController.swift */; };
		AC33A88D28E4EF1A00AC2E3A /* InfoJobCoordinator.swift in Sources */ = {isa = PBXBuildFile; fileRef = AC33A88C28E4EF1A00AC2E3A /* InfoJobCoordinator.swift */; };
		ACC430F128D3AFB100FBBDCD /* AppDelegate.swift in Sources */ = {isa = PBXBuildFile; fileRef = ACC430F028D3AFB100FBBDCD /* AppDelegate.swift */; };
		ACC430F328D3AFB100FBBDCD /* SceneDelegate.swift in Sources */ = {isa = PBXBuildFile; fileRef = ACC430F228D3AFB100FBBDCD /* SceneDelegate.swift */; };
		ACC430FB28D3AFB100FBBDCD /* SOSSamu.xcdatamodeld in Sources */ = {isa = PBXBuildFile; fileRef = ACC430F928D3AFB100FBBDCD /* SOSSamu.xcdatamodeld */; };
		ACC430FD28D3AFB400FBBDCD /* Assets.xcassets in Resources */ = {isa = PBXBuildFile; fileRef = ACC430FC28D3AFB400FBBDCD /* Assets.xcassets */; };
		ACC4310028D3AFB400FBBDCD /* LaunchScreen.storyboard in Resources */ = {isa = PBXBuildFile; fileRef = ACC430FE28D3AFB400FBBDCD /* LaunchScreen.storyboard */; };
		ACC4310B28D3AFB500FBBDCD /* SOSSamuTests.swift in Sources */ = {isa = PBXBuildFile; fileRef = ACC4310A28D3AFB500FBBDCD /* SOSSamuTests.swift */; };
		ACC4311528D3AFB500FBBDCD /* SOSSamuUITests.swift in Sources */ = {isa = PBXBuildFile; fileRef = ACC4311428D3AFB500FBBDCD /* SOSSamuUITests.swift */; };
		ACC4311728D3AFB500FBBDCD /* SOSSamuUITestsLaunchTests.swift in Sources */ = {isa = PBXBuildFile; fileRef = ACC4311628D3AFB500FBBDCD /* SOSSamuUITestsLaunchTests.swift */; };
		ACC4312C28D3BA0E00FBBDCD /* LoginView.swift in Sources */ = {isa = PBXBuildFile; fileRef = ACC4312B28D3BA0E00FBBDCD /* LoginView.swift */; };
		ACC4312E28D3BD0F00FBBDCD /* LabelView.swift in Sources */ = {isa = PBXBuildFile; fileRef = ACC4312D28D3BD0F00FBBDCD /* LabelView.swift */; };
		ACC4313028D3C05C00FBBDCD /* TextFieldView.swift in Sources */ = {isa = PBXBuildFile; fileRef = ACC4312F28D3C05C00FBBDCD /* TextFieldView.swift */; };
		ACC4313228D3C44000FBBDCD /* ButtonView.swift in Sources */ = {isa = PBXBuildFile; fileRef = ACC4313128D3C44000FBBDCD /* ButtonView.swift */; };
		ACC4313428D3D37700FBBDCD /* LoginViewController.swift in Sources */ = {isa = PBXBuildFile; fileRef = ACC4313328D3D37700FBBDCD /* LoginViewController.swift */; };
		ACC45D4D28D4FDF900BEB954 /* Colors.xcassets in Resources */ = {isa = PBXBuildFile; fileRef = ACC45D4C28D4FDF900BEB954 /* Colors.xcassets */; };
		ACC740C328E65E1C00204940 /* agenda-light.ttf in Resources */ = {isa = PBXBuildFile; fileRef = ACC740BF28E65E1C00204940 /* agenda-light.ttf */; };
		ACC740C428E65E1C00204940 /* agenda-light.ttf in Resources */ = {isa = PBXBuildFile; fileRef = ACC740BF28E65E1C00204940 /* agenda-light.ttf */; };
		ACC740C528E65E1C00204940 /* agenda-light.ttf in Resources */ = {isa = PBXBuildFile; fileRef = ACC740BF28E65E1C00204940 /* agenda-light.ttf */; };
		ACC740C628E65E1C00204940 /* agenda-mediumextracondensed.ttf in Resources */ = {isa = PBXBuildFile; fileRef = ACC740C028E65E1C00204940 /* agenda-mediumextracondensed.ttf */; };
		ACC740C728E65E1C00204940 /* agenda-mediumextracondensed.ttf in Resources */ = {isa = PBXBuildFile; fileRef = ACC740C028E65E1C00204940 /* agenda-mediumextracondensed.ttf */; };
		ACC740C828E65E1C00204940 /* agenda-mediumextracondensed.ttf in Resources */ = {isa = PBXBuildFile; fileRef = ACC740C028E65E1C00204940 /* agenda-mediumextracondensed.ttf */; };
		ACC740CC28E65E1C00204940 /* agenda-lightcondensed.ttf in Resources */ = {isa = PBXBuildFile; fileRef = ACC740C228E65E1C00204940 /* agenda-lightcondensed.ttf */; };
		ACC740CD28E65E1C00204940 /* agenda-lightcondensed.ttf in Resources */ = {isa = PBXBuildFile; fileRef = ACC740C228E65E1C00204940 /* agenda-lightcondensed.ttf */; };
		ACC740CE28E65E1C00204940 /* agenda-lightcondensed.ttf in Resources */ = {isa = PBXBuildFile; fileRef = ACC740C228E65E1C00204940 /* agenda-lightcondensed.ttf */; };
		ACE8306B28D500C700E18B2A /* Colors.swift in Sources */ = {isa = PBXBuildFile; fileRef = ACE8306A28D500C700E18B2A /* Colors.swift */; };
		ACE8306E28D50A0E00E18B2A /* LoginCoordinator.swift in Sources */ = {isa = PBXBuildFile; fileRef = ACE8306D28D50A0E00E18B2A /* LoginCoordinator.swift */; };
		ACE8307028D50A4800E18B2A /* Coordinator.swift in Sources */ = {isa = PBXBuildFile; fileRef = ACE8306F28D50A4800E18B2A /* Coordinator.swift */; };
		ACE8307328D5138100E18B2A /* DetailCallView.swift in Sources */ = {isa = PBXBuildFile; fileRef = ACE8307228D5138100E18B2A /* DetailCallView.swift */; };
		ACE8307528D51E6100E18B2A /* DetailCallViewCoordinator.swift in Sources */ = {isa = PBXBuildFile; fileRef = ACE8307428D51E6100E18B2A /* DetailCallViewCoordinator.swift */; };
		ACE8307728D5237F00E18B2A /* DetailCallViewController.swift in Sources */ = {isa = PBXBuildFile; fileRef = ACE8307628D5237F00E18B2A /* DetailCallViewController.swift */; };
		ACE8EF2C28DE5BC100AEEBB8 /* ActionKeyboardView.swift in Sources */ = {isa = PBXBuildFile; fileRef = ACE8EF2B28DE5BC100AEEBB8 /* ActionKeyboardView.swift */; };
/* End PBXBuildFile section */

/* Begin PBXContainerItemProxy section */
		ACC4310728D3AFB500FBBDCD /* PBXContainerItemProxy */ = {
			isa = PBXContainerItemProxy;
			containerPortal = ACC430E528D3AFB100FBBDCD /* Project object */;
			proxyType = 1;
			remoteGlobalIDString = ACC430EC28D3AFB100FBBDCD;
			remoteInfo = SOSSamu;
		};
		ACC4311128D3AFB500FBBDCD /* PBXContainerItemProxy */ = {
			isa = PBXContainerItemProxy;
			containerPortal = ACC430E528D3AFB100FBBDCD /* Project object */;
			proxyType = 1;
			remoteGlobalIDString = ACC430EC28D3AFB100FBBDCD;
			remoteInfo = SOSSamu;
		};
/* End PBXContainerItemProxy section */

/* Begin PBXFileReference section */
		AC0DA93228E79CBC002A1E15 /* SwitchButton.swift */ = {isa = PBXFileReference; lastKnownFileType = sourcecode.swift; path = SwitchButton.swift; sourceTree = "<group>"; };
		AC33A88728E4EEAD00AC2E3A /* InfoJobView.swift */ = {isa = PBXFileReference; lastKnownFileType = sourcecode.swift; name = InfoJobView.swift; path = SOSSamu/Source/View/InfoJob/InfoJobView.swift; sourceTree = SOURCE_ROOT; };
		AC33A88A28E4EEF300AC2E3A /* InfoJobViewController.swift */ = {isa = PBXFileReference; lastKnownFileType = sourcecode.swift; path = InfoJobViewController.swift; sourceTree = "<group>"; };
		AC33A88C28E4EF1A00AC2E3A /* InfoJobCoordinator.swift */ = {isa = PBXFileReference; lastKnownFileType = sourcecode.swift; path = InfoJobCoordinator.swift; sourceTree = "<group>"; };
		ACC430ED28D3AFB100FBBDCD /* SOSSamu.app */ = {isa = PBXFileReference; explicitFileType = wrapper.application; includeInIndex = 0; path = SOSSamu.app; sourceTree = BUILT_PRODUCTS_DIR; };
		ACC430F028D3AFB100FBBDCD /* AppDelegate.swift */ = {isa = PBXFileReference; lastKnownFileType = sourcecode.swift; path = AppDelegate.swift; sourceTree = "<group>"; };
		ACC430F228D3AFB100FBBDCD /* SceneDelegate.swift */ = {isa = PBXFileReference; lastKnownFileType = sourcecode.swift; path = SceneDelegate.swift; sourceTree = "<group>"; };
		ACC430FA28D3AFB100FBBDCD /* SOSSamu.xcdatamodel */ = {isa = PBXFileReference; lastKnownFileType = wrapper.xcdatamodel; path = SOSSamu.xcdatamodel; sourceTree = "<group>"; };
		ACC430FC28D3AFB400FBBDCD /* Assets.xcassets */ = {isa = PBXFileReference; lastKnownFileType = folder.assetcatalog; path = Assets.xcassets; sourceTree = "<group>"; };
		ACC430FF28D3AFB400FBBDCD /* Base */ = {isa = PBXFileReference; lastKnownFileType = file.storyboard; name = Base; path = Base.lproj/LaunchScreen.storyboard; sourceTree = "<group>"; };
		ACC4310128D3AFB400FBBDCD /* Info.plist */ = {isa = PBXFileReference; lastKnownFileType = text.plist.xml; path = Info.plist; sourceTree = "<group>"; };
		ACC4310628D3AFB500FBBDCD /* SOSSamuTests.xctest */ = {isa = PBXFileReference; explicitFileType = wrapper.cfbundle; includeInIndex = 0; path = SOSSamuTests.xctest; sourceTree = BUILT_PRODUCTS_DIR; };
		ACC4310A28D3AFB500FBBDCD /* SOSSamuTests.swift */ = {isa = PBXFileReference; lastKnownFileType = sourcecode.swift; path = SOSSamuTests.swift; sourceTree = "<group>"; };
		ACC4311028D3AFB500FBBDCD /* SOSSamuUITests.xctest */ = {isa = PBXFileReference; explicitFileType = wrapper.cfbundle; includeInIndex = 0; path = SOSSamuUITests.xctest; sourceTree = BUILT_PRODUCTS_DIR; };
		ACC4311428D3AFB500FBBDCD /* SOSSamuUITests.swift */ = {isa = PBXFileReference; lastKnownFileType = sourcecode.swift; path = SOSSamuUITests.swift; sourceTree = "<group>"; };
		ACC4311628D3AFB500FBBDCD /* SOSSamuUITestsLaunchTests.swift */ = {isa = PBXFileReference; lastKnownFileType = sourcecode.swift; path = SOSSamuUITestsLaunchTests.swift; sourceTree = "<group>"; };
		ACC4312B28D3BA0E00FBBDCD /* LoginView.swift */ = {isa = PBXFileReference; lastKnownFileType = sourcecode.swift; path = LoginView.swift; sourceTree = "<group>"; };
		ACC4312D28D3BD0F00FBBDCD /* LabelView.swift */ = {isa = PBXFileReference; lastKnownFileType = sourcecode.swift; path = LabelView.swift; sourceTree = "<group>"; };
		ACC4312F28D3C05C00FBBDCD /* TextFieldView.swift */ = {isa = PBXFileReference; lastKnownFileType = sourcecode.swift; path = TextFieldView.swift; sourceTree = "<group>"; };
		ACC4313128D3C44000FBBDCD /* ButtonView.swift */ = {isa = PBXFileReference; lastKnownFileType = sourcecode.swift; path = ButtonView.swift; sourceTree = "<group>"; };
		ACC4313328D3D37700FBBDCD /* LoginViewController.swift */ = {isa = PBXFileReference; lastKnownFileType = sourcecode.swift; path = LoginViewController.swift; sourceTree = "<group>"; };
		ACC45D4C28D4FDF900BEB954 /* Colors.xcassets */ = {isa = PBXFileReference; lastKnownFileType = folder.assetcatalog; path = Colors.xcassets; sourceTree = "<group>"; };
		ACC740BF28E65E1C00204940 /* agenda-light.ttf */ = {isa = PBXFileReference; lastKnownFileType = file; path = "agenda-light.ttf"; sourceTree = "<group>"; };
		ACC740C028E65E1C00204940 /* agenda-mediumextracondensed.ttf */ = {isa = PBXFileReference; lastKnownFileType = file; path = "agenda-mediumextracondensed.ttf"; sourceTree = "<group>"; };
		ACC740C228E65E1C00204940 /* agenda-lightcondensed.ttf */ = {isa = PBXFileReference; lastKnownFileType = file; path = "agenda-lightcondensed.ttf"; sourceTree = "<group>"; };
		ACE8306A28D500C700E18B2A /* Colors.swift */ = {isa = PBXFileReference; lastKnownFileType = sourcecode.swift; path = Colors.swift; sourceTree = "<group>"; };
		ACE8306D28D50A0E00E18B2A /* LoginCoordinator.swift */ = {isa = PBXFileReference; lastKnownFileType = sourcecode.swift; path = LoginCoordinator.swift; sourceTree = "<group>"; };
		ACE8306F28D50A4800E18B2A /* Coordinator.swift */ = {isa = PBXFileReference; lastKnownFileType = sourcecode.swift; path = Coordinator.swift; sourceTree = "<group>"; };
		ACE8307228D5138100E18B2A /* DetailCallView.swift */ = {isa = PBXFileReference; lastKnownFileType = sourcecode.swift; path = DetailCallView.swift; sourceTree = "<group>"; };
		ACE8307428D51E6100E18B2A /* DetailCallViewCoordinator.swift */ = {isa = PBXFileReference; lastKnownFileType = sourcecode.swift; path = DetailCallViewCoordinator.swift; sourceTree = "<group>"; };
		ACE8307628D5237F00E18B2A /* DetailCallViewController.swift */ = {isa = PBXFileReference; lastKnownFileType = sourcecode.swift; path = DetailCallViewController.swift; sourceTree = "<group>"; };
		ACE8EF2B28DE5BC100AEEBB8 /* ActionKeyboardView.swift */ = {isa = PBXFileReference; lastKnownFileType = sourcecode.swift; path = ActionKeyboardView.swift; sourceTree = "<group>"; };
/* End PBXFileReference section */

/* Begin PBXFrameworksBuildPhase section */
		ACC430EA28D3AFB100FBBDCD /* Frameworks */ = {
			isa = PBXFrameworksBuildPhase;
			buildActionMask = 2147483647;
			files = (
			);
			runOnlyForDeploymentPostprocessing = 0;
		};
		ACC4310328D3AFB500FBBDCD /* Frameworks */ = {
			isa = PBXFrameworksBuildPhase;
			buildActionMask = 2147483647;
			files = (
			);
			runOnlyForDeploymentPostprocessing = 0;
		};
		ACC4310D28D3AFB500FBBDCD /* Frameworks */ = {
			isa = PBXFrameworksBuildPhase;
			buildActionMask = 2147483647;
			files = (
			);
			runOnlyForDeploymentPostprocessing = 0;
		};
/* End PBXFrameworksBuildPhase section */

/* Begin PBXGroup section */
		AC33A88928E4EEBC00AC2E3A /* InfoJob */ = {
			isa = PBXGroup;
			children = (
				AC33A88728E4EEAD00AC2E3A /* InfoJobView.swift */,
				AC33A88A28E4EEF300AC2E3A /* InfoJobViewController.swift */,
			);
			path = InfoJob;
			sourceTree = "<group>";
		};
		ACC430E428D3AFB100FBBDCD = {
			isa = PBXGroup;
			children = (
				ACC430EF28D3AFB100FBBDCD /* SOSSamu */,
				ACC4310928D3AFB500FBBDCD /* SOSSamuTests */,
				ACC4311328D3AFB500FBBDCD /* SOSSamuUITests */,
				ACC430EE28D3AFB100FBBDCD /* Products */,
			);
			sourceTree = "<group>";
		};
		ACC430EE28D3AFB100FBBDCD /* Products */ = {
			isa = PBXGroup;
			children = (
				ACC430ED28D3AFB100FBBDCD /* SOSSamu.app */,
				ACC4310628D3AFB500FBBDCD /* SOSSamuTests.xctest */,
				ACC4311028D3AFB500FBBDCD /* SOSSamuUITests.xctest */,
			);
			name = Products;
			sourceTree = "<group>";
		};
		ACC430EF28D3AFB100FBBDCD /* SOSSamu */ = {
			isa = PBXGroup;
			children = (
				ACC4312528D3B87000FBBDCD /* Source */,
				ACC4312428D3B84700FBBDCD /* Resource */,
				ACC4312328D3B82C00FBBDCD /* AppDelegate */,
				ACC4310128D3AFB400FBBDCD /* Info.plist */,
				ACC430F928D3AFB100FBBDCD /* SOSSamu.xcdatamodeld */,
			);
			path = SOSSamu;
			sourceTree = "<group>";
		};
		ACC4310928D3AFB500FBBDCD /* SOSSamuTests */ = {
			isa = PBXGroup;
			children = (
				ACC4310A28D3AFB500FBBDCD /* SOSSamuTests.swift */,
			);
			path = SOSSamuTests;
			sourceTree = "<group>";
		};
		ACC4311328D3AFB500FBBDCD /* SOSSamuUITests */ = {
			isa = PBXGroup;
			children = (
				ACC4311428D3AFB500FBBDCD /* SOSSamuUITests.swift */,
				ACC4311628D3AFB500FBBDCD /* SOSSamuUITestsLaunchTests.swift */,
			);
			path = SOSSamuUITests;
			sourceTree = "<group>";
		};
		ACC4312328D3B82C00FBBDCD /* AppDelegate */ = {
			isa = PBXGroup;
			children = (
				ACC430F028D3AFB100FBBDCD /* AppDelegate.swift */,
				ACC430F228D3AFB100FBBDCD /* SceneDelegate.swift */,
			);
			path = AppDelegate;
			sourceTree = "<group>";
		};
		ACC4312428D3B84700FBBDCD /* Resource */ = {
			isa = PBXGroup;
			children = (
				ACC45D4828D4F7E700BEB954 /* Colors */,
				ACC430FE28D3AFB400FBBDCD /* LaunchScreen.storyboard */,
				ACC430FC28D3AFB400FBBDCD /* Assets.xcassets */,
			);
			path = Resource;
			sourceTree = "<group>";
		};
		ACC4312528D3B87000FBBDCD /* Source */ = {
			isa = PBXGroup;
			children = (
				ACC740B728E65C7700204940 /* Fontes */,
				ACE8306C28D5098E00E18B2A /* Coordinator */,
				ACC4312828D3B8C600FBBDCD /* View */,
				ACC4312728D3B89100FBBDCD /* Components */,
			);
			path = Source;
			sourceTree = "<group>";
		};
		ACC4312728D3B89100FBBDCD /* Components */ = {
			isa = PBXGroup;
			children = (
				ACC4312D28D3BD0F00FBBDCD /* LabelView.swift */,
				ACC4312F28D3C05C00FBBDCD /* TextFieldView.swift */,
				ACC4313128D3C44000FBBDCD /* ButtonView.swift */,
				AC0DA93228E79CBC002A1E15 /* SwitchButton.swift */,
			);
			path = Components;
			sourceTree = "<group>";
		};
		ACC4312828D3B8C600FBBDCD /* View */ = {
			isa = PBXGroup;
			children = (
				AC33A88928E4EEBC00AC2E3A /* InfoJob */,
				ACE8307128D5132900E18B2A /* DetailCall */,
				ACC4312A28D3B92700FBBDCD /* UserLogin */,
				ACE8EF2B28DE5BC100AEEBB8 /* ActionKeyboardView.swift */,
			);
			path = View;
			sourceTree = "<group>";
		};
		ACC4312A28D3B92700FBBDCD /* UserLogin */ = {
			isa = PBXGroup;
			children = (
				ACC4312B28D3BA0E00FBBDCD /* LoginView.swift */,
				ACC4313328D3D37700FBBDCD /* LoginViewController.swift */,
			);
			path = UserLogin;
			sourceTree = "<group>";
		};
		ACC45D4828D4F7E700BEB954 /* Colors */ = {
			isa = PBXGroup;
			children = (
				ACC45D4C28D4FDF900BEB954 /* Colors.xcassets */,
				ACE8306A28D500C700E18B2A /* Colors.swift */,
			);
			path = Colors;
			sourceTree = "<group>";
		};
		ACC740B728E65C7700204940 /* Fontes */ = {
			isa = PBXGroup;
			children = (
				ACC740BF28E65E1C00204940 /* agenda-light.ttf */,
				ACC740C228E65E1C00204940 /* agenda-lightcondensed.ttf */,
				ACC740C028E65E1C00204940 /* agenda-mediumextracondensed.ttf */,
			);
			path = Fontes;
			sourceTree = "<group>";
		};
		ACE8306C28D5098E00E18B2A /* Coordinator */ = {
			isa = PBXGroup;
			children = (
				ACE8306D28D50A0E00E18B2A /* LoginCoordinator.swift */,
				ACE8306F28D50A4800E18B2A /* Coordinator.swift */,
				ACE8307428D51E6100E18B2A /* DetailCallViewCoordinator.swift */,
				AC33A88C28E4EF1A00AC2E3A /* InfoJobCoordinator.swift */,
			);
			path = Coordinator;
			sourceTree = "<group>";
		};
		ACE8307128D5132900E18B2A /* DetailCall */ = {
			isa = PBXGroup;
			children = (
				ACE8307228D5138100E18B2A /* DetailCallView.swift */,
				ACE8307628D5237F00E18B2A /* DetailCallViewController.swift */,
			);
			path = DetailCall;
			sourceTree = "<group>";
		};
/* End PBXGroup section */

/* Begin PBXNativeTarget section */
		ACC430EC28D3AFB100FBBDCD /* SOSSamu */ = {
			isa = PBXNativeTarget;
			buildConfigurationList = ACC4311A28D3AFB500FBBDCD /* Build configuration list for PBXNativeTarget "SOSSamu" */;
			buildPhases = (
				ACC430E928D3AFB100FBBDCD /* Sources */,
				ACC430EA28D3AFB100FBBDCD /* Frameworks */,
				ACC430EB28D3AFB100FBBDCD /* Resources */,
			);
			buildRules = (
			);
			dependencies = (
			);
			name = SOSSamu;
			productName = SOSSamu;
			productReference = ACC430ED28D3AFB100FBBDCD /* SOSSamu.app */;
			productType = "com.apple.product-type.application";
		};
		ACC4310528D3AFB500FBBDCD /* SOSSamuTests */ = {
			isa = PBXNativeTarget;
			buildConfigurationList = ACC4311D28D3AFB500FBBDCD /* Build configuration list for PBXNativeTarget "SOSSamuTests" */;
			buildPhases = (
				ACC4310228D3AFB500FBBDCD /* Sources */,
				ACC4310328D3AFB500FBBDCD /* Frameworks */,
				ACC4310428D3AFB500FBBDCD /* Resources */,
			);
			buildRules = (
			);
			dependencies = (
				ACC4310828D3AFB500FBBDCD /* PBXTargetDependency */,
			);
			name = SOSSamuTests;
			productName = SOSSamuTests;
			productReference = ACC4310628D3AFB500FBBDCD /* SOSSamuTests.xctest */;
			productType = "com.apple.product-type.bundle.unit-test";
		};
		ACC4310F28D3AFB500FBBDCD /* SOSSamuUITests */ = {
			isa = PBXNativeTarget;
			buildConfigurationList = ACC4312028D3AFB500FBBDCD /* Build configuration list for PBXNativeTarget "SOSSamuUITests" */;
			buildPhases = (
				ACC4310C28D3AFB500FBBDCD /* Sources */,
				ACC4310D28D3AFB500FBBDCD /* Frameworks */,
				ACC4310E28D3AFB500FBBDCD /* Resources */,
			);
			buildRules = (
			);
			dependencies = (
				ACC4311228D3AFB500FBBDCD /* PBXTargetDependency */,
			);
			name = SOSSamuUITests;
			productName = SOSSamuUITests;
			productReference = ACC4311028D3AFB500FBBDCD /* SOSSamuUITests.xctest */;
			productType = "com.apple.product-type.bundle.ui-testing";
		};
/* End PBXNativeTarget section */

/* Begin PBXProject section */
		ACC430E528D3AFB100FBBDCD /* Project object */ = {
			isa = PBXProject;
			attributes = {
				BuildIndependentTargetsInParallel = 1;
				LastSwiftUpdateCheck = 1340;
				LastUpgradeCheck = 1340;
				TargetAttributes = {
					ACC430EC28D3AFB100FBBDCD = {
						CreatedOnToolsVersion = 13.4;
					};
					ACC4310528D3AFB500FBBDCD = {
						CreatedOnToolsVersion = 13.4;
						TestTargetID = ACC430EC28D3AFB100FBBDCD;
					};
					ACC4310F28D3AFB500FBBDCD = {
						CreatedOnToolsVersion = 13.4;
						TestTargetID = ACC430EC28D3AFB100FBBDCD;
					};
				};
			};
			buildConfigurationList = ACC430E828D3AFB100FBBDCD /* Build configuration list for PBXProject "SOSSamu" */;
			compatibilityVersion = "Xcode 13.0";
			developmentRegion = en;
			hasScannedForEncodings = 0;
			knownRegions = (
				en,
				Base,
			);
			mainGroup = ACC430E428D3AFB100FBBDCD;
			productRefGroup = ACC430EE28D3AFB100FBBDCD /* Products */;
			projectDirPath = "";
			projectRoot = "";
			targets = (
				ACC430EC28D3AFB100FBBDCD /* SOSSamu */,
				ACC4310528D3AFB500FBBDCD /* SOSSamuTests */,
				ACC4310F28D3AFB500FBBDCD /* SOSSamuUITests */,
			);
		};
/* End PBXProject section */

/* Begin PBXResourcesBuildPhase section */
		ACC430EB28D3AFB100FBBDCD /* Resources */ = {
			isa = PBXResourcesBuildPhase;
			buildActionMask = 2147483647;
			files = (
				ACC4310028D3AFB400FBBDCD /* LaunchScreen.storyboard in Resources */,
				ACC740C628E65E1C00204940 /* agenda-mediumextracondensed.ttf in Resources */,
				ACC45D4D28D4FDF900BEB954 /* Colors.xcassets in Resources */,
				ACC740CC28E65E1C00204940 /* agenda-lightcondensed.ttf in Resources */,
				ACC430FD28D3AFB400FBBDCD /* Assets.xcassets in Resources */,
				ACC740C328E65E1C00204940 /* agenda-light.ttf in Resources */,
			);
			runOnlyForDeploymentPostprocessing = 0;
		};
		ACC4310428D3AFB500FBBDCD /* Resources */ = {
			isa = PBXResourcesBuildPhase;
			buildActionMask = 2147483647;
			files = (
				ACC740C728E65E1C00204940 /* agenda-mediumextracondensed.ttf in Resources */,
				ACC740C428E65E1C00204940 /* agenda-light.ttf in Resources */,
				ACC740CD28E65E1C00204940 /* agenda-lightcondensed.ttf in Resources */,
			);
			runOnlyForDeploymentPostprocessing = 0;
		};
		ACC4310E28D3AFB500FBBDCD /* Resources */ = {
			isa = PBXResourcesBuildPhase;
			buildActionMask = 2147483647;
			files = (
				ACC740C828E65E1C00204940 /* agenda-mediumextracondensed.ttf in Resources */,
				ACC740C528E65E1C00204940 /* agenda-light.ttf in Resources */,
				ACC740CE28E65E1C00204940 /* agenda-lightcondensed.ttf in Resources */,
			);
			runOnlyForDeploymentPostprocessing = 0;
		};
/* End PBXResourcesBuildPhase section */

/* Begin PBXSourcesBuildPhase section */
		ACC430E928D3AFB100FBBDCD /* Sources */ = {
			isa = PBXSourcesBuildPhase;
			buildActionMask = 2147483647;
			files = (
				ACC4313028D3C05C00FBBDCD /* TextFieldView.swift in Sources */,
				ACE8307728D5237F00E18B2A /* DetailCallViewController.swift in Sources */,
				ACE8306B28D500C700E18B2A /* Colors.swift in Sources */,
				AC33A88B28E4EEF300AC2E3A /* InfoJobViewController.swift in Sources */,
				ACE8306E28D50A0E00E18B2A /* LoginCoordinator.swift in Sources */,
				ACC4313228D3C44000FBBDCD /* ButtonView.swift in Sources */,
				AC0DA93328E79CBC002A1E15 /* SwitchButton.swift in Sources */,
				ACC430F128D3AFB100FBBDCD /* AppDelegate.swift in Sources */,
				ACE8EF2C28DE5BC100AEEBB8 /* ActionKeyboardView.swift in Sources */,
				ACE8307328D5138100E18B2A /* DetailCallView.swift in Sources */,
				ACC430F328D3AFB100FBBDCD /* SceneDelegate.swift in Sources */,
				ACE8307028D50A4800E18B2A /* Coordinator.swift in Sources */,
				ACE8307528D51E6100E18B2A /* DetailCallViewCoordinator.swift in Sources */,
				ACC4312C28D3BA0E00FBBDCD /* LoginView.swift in Sources */,
				ACC4313428D3D37700FBBDCD /* LoginViewController.swift in Sources */,
				AC33A88D28E4EF1A00AC2E3A /* InfoJobCoordinator.swift in Sources */,
				ACC430FB28D3AFB100FBBDCD /* SOSSamu.xcdatamodeld in Sources */,
				AC33A88828E4EEAD00AC2E3A /* InfoJobView.swift in Sources */,
				ACC4312E28D3BD0F00FBBDCD /* LabelView.swift in Sources */,
			);
			runOnlyForDeploymentPostprocessing = 0;
		};
		ACC4310228D3AFB500FBBDCD /* Sources */ = {
			isa = PBXSourcesBuildPhase;
			buildActionMask = 2147483647;
			files = (
				ACC4310B28D3AFB500FBBDCD /* SOSSamuTests.swift in Sources */,
			);
			runOnlyForDeploymentPostprocessing = 0;
		};
		ACC4310C28D3AFB500FBBDCD /* Sources */ = {
			isa = PBXSourcesBuildPhase;
			buildActionMask = 2147483647;
			files = (
				ACC4311728D3AFB500FBBDCD /* SOSSamuUITestsLaunchTests.swift in Sources */,
				ACC4311528D3AFB500FBBDCD /* SOSSamuUITests.swift in Sources */,
			);
			runOnlyForDeploymentPostprocessing = 0;
		};
/* End PBXSourcesBuildPhase section */

/* Begin PBXTargetDependency section */
		ACC4310828D3AFB500FBBDCD /* PBXTargetDependency */ = {
			isa = PBXTargetDependency;
			target = ACC430EC28D3AFB100FBBDCD /* SOSSamu */;
			targetProxy = ACC4310728D3AFB500FBBDCD /* PBXContainerItemProxy */;
		};
		ACC4311228D3AFB500FBBDCD /* PBXTargetDependency */ = {
			isa = PBXTargetDependency;
			target = ACC430EC28D3AFB100FBBDCD /* SOSSamu */;
			targetProxy = ACC4311128D3AFB500FBBDCD /* PBXContainerItemProxy */;
		};
/* End PBXTargetDependency section */

/* Begin PBXVariantGroup section */
		ACC430FE28D3AFB400FBBDCD /* LaunchScreen.storyboard */ = {
			isa = PBXVariantGroup;
			children = (
				ACC430FF28D3AFB400FBBDCD /* Base */,
			);
			name = LaunchScreen.storyboard;
			sourceTree = "<group>";
		};
/* End PBXVariantGroup section */

/* Begin XCBuildConfiguration section */
		ACC4311828D3AFB500FBBDCD /* Debug */ = {
			isa = XCBuildConfiguration;
			buildSettings = {
				ALWAYS_SEARCH_USER_PATHS = NO;
				CLANG_ANALYZER_NONNULL = YES;
				CLANG_ANALYZER_NUMBER_OBJECT_CONVERSION = YES_AGGRESSIVE;
				CLANG_CXX_LANGUAGE_STANDARD = "gnu++17";
				CLANG_ENABLE_MODULES = YES;
				CLANG_ENABLE_OBJC_ARC = YES;
				CLANG_ENABLE_OBJC_WEAK = YES;
				CLANG_WARN_BLOCK_CAPTURE_AUTORELEASING = YES;
				CLANG_WARN_BOOL_CONVERSION = YES;
				CLANG_WARN_COMMA = YES;
				CLANG_WARN_CONSTANT_CONVERSION = YES;
				CLANG_WARN_DEPRECATED_OBJC_IMPLEMENTATIONS = YES;
				CLANG_WARN_DIRECT_OBJC_ISA_USAGE = YES_ERROR;
				CLANG_WARN_DOCUMENTATION_COMMENTS = YES;
				CLANG_WARN_EMPTY_BODY = YES;
				CLANG_WARN_ENUM_CONVERSION = YES;
				CLANG_WARN_INFINITE_RECURSION = YES;
				CLANG_WARN_INT_CONVERSION = YES;
				CLANG_WARN_NON_LITERAL_NULL_CONVERSION = YES;
				CLANG_WARN_OBJC_IMPLICIT_RETAIN_SELF = YES;
				CLANG_WARN_OBJC_LITERAL_CONVERSION = YES;
				CLANG_WARN_OBJC_ROOT_CLASS = YES_ERROR;
				CLANG_WARN_QUOTED_INCLUDE_IN_FRAMEWORK_HEADER = YES;
				CLANG_WARN_RANGE_LOOP_ANALYSIS = YES;
				CLANG_WARN_STRICT_PROTOTYPES = YES;
				CLANG_WARN_SUSPICIOUS_MOVE = YES;
				CLANG_WARN_UNGUARDED_AVAILABILITY = YES_AGGRESSIVE;
				CLANG_WARN_UNREACHABLE_CODE = YES;
				CLANG_WARN__DUPLICATE_METHOD_MATCH = YES;
				COPY_PHASE_STRIP = NO;
				DEBUG_INFORMATION_FORMAT = dwarf;
				ENABLE_STRICT_OBJC_MSGSEND = YES;
				ENABLE_TESTABILITY = YES;
				GCC_C_LANGUAGE_STANDARD = gnu11;
				GCC_DYNAMIC_NO_PIC = NO;
				GCC_NO_COMMON_BLOCKS = YES;
				GCC_OPTIMIZATION_LEVEL = 0;
				GCC_PREPROCESSOR_DEFINITIONS = (
					"DEBUG=1",
					"$(inherited)",
				);
				GCC_WARN_64_TO_32_BIT_CONVERSION = YES;
				GCC_WARN_ABOUT_RETURN_TYPE = YES_ERROR;
				GCC_WARN_UNDECLARED_SELECTOR = YES;
				GCC_WARN_UNINITIALIZED_AUTOS = YES_AGGRESSIVE;
				GCC_WARN_UNUSED_FUNCTION = YES;
				GCC_WARN_UNUSED_VARIABLE = YES;
				IPHONEOS_DEPLOYMENT_TARGET = 15.5;
				MTL_ENABLE_DEBUG_INFO = INCLUDE_SOURCE;
				MTL_FAST_MATH = YES;
				ONLY_ACTIVE_ARCH = YES;
				SDKROOT = iphoneos;
				SWIFT_ACTIVE_COMPILATION_CONDITIONS = DEBUG;
				SWIFT_OPTIMIZATION_LEVEL = "-Onone";
			};
			name = Debug;
		};
		ACC4311928D3AFB500FBBDCD /* Release */ = {
			isa = XCBuildConfiguration;
			buildSettings = {
				ALWAYS_SEARCH_USER_PATHS = NO;
				CLANG_ANALYZER_NONNULL = YES;
				CLANG_ANALYZER_NUMBER_OBJECT_CONVERSION = YES_AGGRESSIVE;
				CLANG_CXX_LANGUAGE_STANDARD = "gnu++17";
				CLANG_ENABLE_MODULES = YES;
				CLANG_ENABLE_OBJC_ARC = YES;
				CLANG_ENABLE_OBJC_WEAK = YES;
				CLANG_WARN_BLOCK_CAPTURE_AUTORELEASING = YES;
				CLANG_WARN_BOOL_CONVERSION = YES;
				CLANG_WARN_COMMA = YES;
				CLANG_WARN_CONSTANT_CONVERSION = YES;
				CLANG_WARN_DEPRECATED_OBJC_IMPLEMENTATIONS = YES;
				CLANG_WARN_DIRECT_OBJC_ISA_USAGE = YES_ERROR;
				CLANG_WARN_DOCUMENTATION_COMMENTS = YES;
				CLANG_WARN_EMPTY_BODY = YES;
				CLANG_WARN_ENUM_CONVERSION = YES;
				CLANG_WARN_INFINITE_RECURSION = YES;
				CLANG_WARN_INT_CONVERSION = YES;
				CLANG_WARN_NON_LITERAL_NULL_CONVERSION = YES;
				CLANG_WARN_OBJC_IMPLICIT_RETAIN_SELF = YES;
				CLANG_WARN_OBJC_LITERAL_CONVERSION = YES;
				CLANG_WARN_OBJC_ROOT_CLASS = YES_ERROR;
				CLANG_WARN_QUOTED_INCLUDE_IN_FRAMEWORK_HEADER = YES;
				CLANG_WARN_RANGE_LOOP_ANALYSIS = YES;
				CLANG_WARN_STRICT_PROTOTYPES = YES;
				CLANG_WARN_SUSPICIOUS_MOVE = YES;
				CLANG_WARN_UNGUARDED_AVAILABILITY = YES_AGGRESSIVE;
				CLANG_WARN_UNREACHABLE_CODE = YES;
				CLANG_WARN__DUPLICATE_METHOD_MATCH = YES;
				COPY_PHASE_STRIP = NO;
				DEBUG_INFORMATION_FORMAT = "dwarf-with-dsym";
				ENABLE_NS_ASSERTIONS = NO;
				ENABLE_STRICT_OBJC_MSGSEND = YES;
				GCC_C_LANGUAGE_STANDARD = gnu11;
				GCC_NO_COMMON_BLOCKS = YES;
				GCC_WARN_64_TO_32_BIT_CONVERSION = YES;
				GCC_WARN_ABOUT_RETURN_TYPE = YES_ERROR;
				GCC_WARN_UNDECLARED_SELECTOR = YES;
				GCC_WARN_UNINITIALIZED_AUTOS = YES_AGGRESSIVE;
				GCC_WARN_UNUSED_FUNCTION = YES;
				GCC_WARN_UNUSED_VARIABLE = YES;
				IPHONEOS_DEPLOYMENT_TARGET = 15.5;
				MTL_ENABLE_DEBUG_INFO = NO;
				MTL_FAST_MATH = YES;
				SDKROOT = iphoneos;
				SWIFT_COMPILATION_MODE = wholemodule;
				SWIFT_OPTIMIZATION_LEVEL = "-O";
				VALIDATE_PRODUCT = YES;
			};
			name = Release;
		};
		ACC4311B28D3AFB500FBBDCD /* Debug */ = {
			isa = XCBuildConfiguration;
			buildSettings = {
				ASSETCATALOG_COMPILER_APPICON_NAME = AppIcon;
				ASSETCATALOG_COMPILER_GLOBAL_ACCENT_COLOR_NAME = AccentColor;
				CODE_SIGN_STYLE = Automatic;
				CURRENT_PROJECT_VERSION = 1;
				GENERATE_INFOPLIST_FILE = YES;
				INFOPLIST_FILE = SOSSamu/Info.plist;
				INFOPLIST_KEY_UIApplicationSupportsIndirectInputEvents = YES;
				INFOPLIST_KEY_UILaunchStoryboardName = LaunchScreen;
				INFOPLIST_KEY_UISupportedInterfaceOrientations_iPad = "UIInterfaceOrientationPortrait UIInterfaceOrientationPortraitUpsideDown UIInterfaceOrientationLandscapeLeft UIInterfaceOrientationLandscapeRight";
				INFOPLIST_KEY_UISupportedInterfaceOrientations_iPhone = "UIInterfaceOrientationPortrait UIInterfaceOrientationLandscapeLeft UIInterfaceOrientationLandscapeRight";
				LD_RUNPATH_SEARCH_PATHS = (
					"$(inherited)",
					"@executable_path/Frameworks",
				);
				MARKETING_VERSION = 1.0;
				PRODUCT_BUNDLE_IDENTIFIER = Fiap.SOSSamu;
				PRODUCT_NAME = "$(TARGET_NAME)";
				SWIFT_EMIT_LOC_STRINGS = YES;
				SWIFT_VERSION = 5.0;
				TARGETED_DEVICE_FAMILY = "1,2";
			};
			name = Debug;
		};
		ACC4311C28D3AFB500FBBDCD /* Release */ = {
			isa = XCBuildConfiguration;
			buildSettings = {
				ASSETCATALOG_COMPILER_APPICON_NAME = AppIcon;
				ASSETCATALOG_COMPILER_GLOBAL_ACCENT_COLOR_NAME = AccentColor;
				CODE_SIGN_STYLE = Automatic;
				CURRENT_PROJECT_VERSION = 1;
				GENERATE_INFOPLIST_FILE = YES;
				INFOPLIST_FILE = SOSSamu/Info.plist;
				INFOPLIST_KEY_UIApplicationSupportsIndirectInputEvents = YES;
				INFOPLIST_KEY_UILaunchStoryboardName = LaunchScreen;
				INFOPLIST_KEY_UISupportedInterfaceOrientations_iPad = "UIInterfaceOrientationPortrait UIInterfaceOrientationPortraitUpsideDown UIInterfaceOrientationLandscapeLeft UIInterfaceOrientationLandscapeRight";
				INFOPLIST_KEY_UISupportedInterfaceOrientations_iPhone = "UIInterfaceOrientationPortrait UIInterfaceOrientationLandscapeLeft UIInterfaceOrientationLandscapeRight";
				LD_RUNPATH_SEARCH_PATHS = (
					"$(inherited)",
					"@executable_path/Frameworks",
				);
				MARKETING_VERSION = 1.0;
				PRODUCT_BUNDLE_IDENTIFIER = Fiap.SOSSamu;
				PRODUCT_NAME = "$(TARGET_NAME)";
				SWIFT_EMIT_LOC_STRINGS = YES;
				SWIFT_VERSION = 5.0;
				TARGETED_DEVICE_FAMILY = "1,2";
			};
			name = Release;
		};
		ACC4311E28D3AFB500FBBDCD /* Debug */ = {
			isa = XCBuildConfiguration;
			buildSettings = {
				ALWAYS_EMBED_SWIFT_STANDARD_LIBRARIES = YES;
				BUNDLE_LOADER = "$(TEST_HOST)";
				CODE_SIGN_STYLE = Automatic;
				CURRENT_PROJECT_VERSION = 1;
				GENERATE_INFOPLIST_FILE = YES;
				IPHONEOS_DEPLOYMENT_TARGET = 15.5;
				MARKETING_VERSION = 1.0;
				PRODUCT_BUNDLE_IDENTIFIER = Fiap.SOSSamuTests;
				PRODUCT_NAME = "$(TARGET_NAME)";
				SWIFT_EMIT_LOC_STRINGS = NO;
				SWIFT_VERSION = 5.0;
				TARGETED_DEVICE_FAMILY = "1,2";
				TEST_HOST = "$(BUILT_PRODUCTS_DIR)/SOSSamu.app/SOSSamu";
			};
			name = Debug;
		};
		ACC4311F28D3AFB500FBBDCD /* Release */ = {
			isa = XCBuildConfiguration;
			buildSettings = {
				ALWAYS_EMBED_SWIFT_STANDARD_LIBRARIES = YES;
				BUNDLE_LOADER = "$(TEST_HOST)";
				CODE_SIGN_STYLE = Automatic;
				CURRENT_PROJECT_VERSION = 1;
				GENERATE_INFOPLIST_FILE = YES;
				IPHONEOS_DEPLOYMENT_TARGET = 15.5;
				MARKETING_VERSION = 1.0;
				PRODUCT_BUNDLE_IDENTIFIER = Fiap.SOSSamuTests;
				PRODUCT_NAME = "$(TARGET_NAME)";
				SWIFT_EMIT_LOC_STRINGS = NO;
				SWIFT_VERSION = 5.0;
				TARGETED_DEVICE_FAMILY = "1,2";
				TEST_HOST = "$(BUILT_PRODUCTS_DIR)/SOSSamu.app/SOSSamu";
			};
			name = Release;
		};
		ACC4312128D3AFB500FBBDCD /* Debug */ = {
			isa = XCBuildConfiguration;
			buildSettings = {
				ALWAYS_EMBED_SWIFT_STANDARD_LIBRARIES = YES;
				CODE_SIGN_STYLE = Automatic;
				CURRENT_PROJECT_VERSION = 1;
				GENERATE_INFOPLIST_FILE = YES;
				MARKETING_VERSION = 1.0;
				PRODUCT_BUNDLE_IDENTIFIER = Fiap.SOSSamuUITests;
				PRODUCT_NAME = "$(TARGET_NAME)";
				SWIFT_EMIT_LOC_STRINGS = NO;
				SWIFT_VERSION = 5.0;
				TARGETED_DEVICE_FAMILY = "1,2";
				TEST_TARGET_NAME = SOSSamu;
			};
			name = Debug;
		};
		ACC4312228D3AFB500FBBDCD /* Release */ = {
			isa = XCBuildConfiguration;
			buildSettings = {
				ALWAYS_EMBED_SWIFT_STANDARD_LIBRARIES = YES;
				CODE_SIGN_STYLE = Automatic;
				CURRENT_PROJECT_VERSION = 1;
				GENERATE_INFOPLIST_FILE = YES;
				MARKETING_VERSION = 1.0;
				PRODUCT_BUNDLE_IDENTIFIER = Fiap.SOSSamuUITests;
				PRODUCT_NAME = "$(TARGET_NAME)";
				SWIFT_EMIT_LOC_STRINGS = NO;
				SWIFT_VERSION = 5.0;
				TARGETED_DEVICE_FAMILY = "1,2";
				TEST_TARGET_NAME = SOSSamu;
			};
			name = Release;
		};
/* End XCBuildConfiguration section */

/* Begin XCConfigurationList section */
		ACC430E828D3AFB100FBBDCD /* Build configuration list for PBXProject "SOSSamu" */ = {
			isa = XCConfigurationList;
			buildConfigurations = (
				ACC4311828D3AFB500FBBDCD /* Debug */,
				ACC4311928D3AFB500FBBDCD /* Release */,
			);
			defaultConfigurationIsVisible = 0;
			defaultConfigurationName = Release;
		};
		ACC4311A28D3AFB500FBBDCD /* Build configuration list for PBXNativeTarget "SOSSamu" */ = {
			isa = XCConfigurationList;
			buildConfigurations = (
				ACC4311B28D3AFB500FBBDCD /* Debug */,
				ACC4311C28D3AFB500FBBDCD /* Release */,
			);
			defaultConfigurationIsVisible = 0;
			defaultConfigurationName = Release;
		};
		ACC4311D28D3AFB500FBBDCD /* Build configuration list for PBXNativeTarget "SOSSamuTests" */ = {
			isa = XCConfigurationList;
			buildConfigurations = (
				ACC4311E28D3AFB500FBBDCD /* Debug */,
				ACC4311F28D3AFB500FBBDCD /* Release */,
			);
			defaultConfigurationIsVisible = 0;
			defaultConfigurationName = Release;
		};
		ACC4312028D3AFB500FBBDCD /* Build configuration list for PBXNativeTarget "SOSSamuUITests" */ = {
			isa = XCConfigurationList;
			buildConfigurations = (
				ACC4312128D3AFB500FBBDCD /* Debug */,
				ACC4312228D3AFB500FBBDCD /* Release */,
			);
			defaultConfigurationIsVisible = 0;
			defaultConfigurationName = Release;
		};
/* End XCConfigurationList section */

/* Begin XCVersionGroup section */
		ACC430F928D3AFB100FBBDCD /* SOSSamu.xcdatamodeld */ = {
			isa = XCVersionGroup;
			children = (
				ACC430FA28D3AFB100FBBDCD /* SOSSamu.xcdatamodel */,
			);
			currentVersion = ACC430FA28D3AFB100FBBDCD /* SOSSamu.xcdatamodel */;
			path = SOSSamu.xcdatamodeld;
			sourceTree = "<group>";
			versionGroupType = wrapper.xcdatamodel;
		};
/* End XCVersionGroup section */
	};
	rootObject = ACC430E528D3AFB100FBBDCD /* Project object */;
}
